// !$*UTF8*$!
{
	archiveVersion = 1;
	classes = {
	};
	objectVersion = 50;
	objects = {

/* Begin PBXBuildFile section */
		4B2C83AB265B827400141932 /* ShareViewController.swift in Sources */ = {isa = PBXBuildFile; fileRef = 4B2C83AA265B827400141932 /* ShareViewController.swift */; };
		4B2C83AE265B827400141932 /* MainInterface.storyboard in Resources */ = {isa = PBXBuildFile; fileRef = 4B2C83AC265B827400141932 /* MainInterface.storyboard */; };
		4B2C83B2265B827400141932 /* ShareExtension.appex in Embed App Extensions */ = {isa = PBXBuildFile; fileRef = 4B2C83A8265B827400141932 /* ShareExtension.appex */; settings = {ATTRIBUTES = (RemoveHeadersOnCopy, ); }; };
		4B2C83B9265BA49D00141932 /* View+hideKeyboard.swift in Sources */ = {isa = PBXBuildFile; fileRef = 4B2C83B8265BA49C00141932 /* View+hideKeyboard.swift */; };
		4B53B6EF26354EDB00316A78 /* SuffixViewModel.swift in Sources */ = {isa = PBXBuildFile; fileRef = 4B53B6EE26354EDB00316A78 /* SuffixViewModel.swift */; };
		4B53B6F426354F9A00316A78 /* Suffix.swift in Sources */ = {isa = PBXBuildFile; fileRef = 4B53B6F326354F9A00316A78 /* Suffix.swift */; };
		4B53B6FB263550A500316A78 /* StringSequence.swift in Sources */ = {isa = PBXBuildFile; fileRef = 4B53B6FA263550A500316A78 /* StringSequence.swift */; };
		4B53B71626356CF000316A78 /* SuffixListView.swift in Sources */ = {isa = PBXBuildFile; fileRef = 4B53B71526356CF000316A78 /* SuffixListView.swift */; };
		4B53B71926356D3200316A78 /* CaseIterable+ordinal.swift in Sources */ = {isa = PBXBuildFile; fileRef = 4B53B71826356D3200316A78 /* CaseIterable+ordinal.swift */; };
		4B53B71D26356FB200316A78 /* StringProtocol+split.swift in Sources */ = {isa = PBXBuildFile; fileRef = 4B53B71C26356FB200316A78 /* StringProtocol+split.swift */; };
		4B53B72526357EAC00316A78 /* StringIterator.swift in Sources */ = {isa = PBXBuildFile; fileRef = 4B53B72426357EAC00316A78 /* StringIterator.swift */; };
		4BAE7FE1261113BE00F075B5 /* HW_1_4_SakhankoApp.swift in Sources */ = {isa = PBXBuildFile; fileRef = 4BAE7FE0261113BE00F075B5 /* HW_1_4_SakhankoApp.swift */; };
		4BAE7FE3261113BE00F075B5 /* MainView.swift in Sources */ = {isa = PBXBuildFile; fileRef = 4BAE7FE2261113BE00F075B5 /* MainView.swift */; };
		4BAE7FE5261113C000F075B5 /* Assets.xcassets in Resources */ = {isa = PBXBuildFile; fileRef = 4BAE7FE4261113C000F075B5 /* Assets.xcassets */; };
		4BAE7FE8261113C000F075B5 /* Preview Assets.xcassets in Resources */ = {isa = PBXBuildFile; fileRef = 4BAE7FE7261113C000F075B5 /* Preview Assets.xcassets */; };
/* End PBXBuildFile section */

/* Begin PBXContainerItemProxy section */
		4B2C83B0265B827400141932 /* PBXContainerItemProxy */ = {
			isa = PBXContainerItemProxy;
			containerPortal = 4BAE7FD5261113BE00F075B5 /* Project object */;
			proxyType = 1;
			remoteGlobalIDString = 4B2C83A7265B827400141932;
			remoteInfo = ShareExtension;
		};
/* End PBXContainerItemProxy section */

/* Begin PBXCopyFilesBuildPhase section */
		4BCE0FC42635AFAE00EDA3E7 /* Embed App Extensions */ = {
			isa = PBXCopyFilesBuildPhase;
			buildActionMask = 2147483647;
			dstPath = "";
			dstSubfolderSpec = 13;
			files = (
				4B2C83B2265B827400141932 /* ShareExtension.appex in Embed App Extensions */,
			);
			name = "Embed App Extensions";
			runOnlyForDeploymentPostprocessing = 0;
		};
/* End PBXCopyFilesBuildPhase section */

/* Begin PBXFileReference section */
		4B2C83A8265B827400141932 /* ShareExtension.appex */ = {isa = PBXFileReference; explicitFileType = "wrapper.app-extension"; includeInIndex = 0; path = ShareExtension.appex; sourceTree = BUILT_PRODUCTS_DIR; };
		4B2C83AA265B827400141932 /* ShareViewController.swift */ = {isa = PBXFileReference; lastKnownFileType = sourcecode.swift; path = ShareViewController.swift; sourceTree = "<group>"; };
		4B2C83AD265B827400141932 /* Base */ = {isa = PBXFileReference; lastKnownFileType = file.storyboard; name = Base; path = Base.lproj/MainInterface.storyboard; sourceTree = "<group>"; };
		4B2C83AF265B827400141932 /* Info.plist */ = {isa = PBXFileReference; lastKnownFileType = text.plist.xml; path = Info.plist; sourceTree = "<group>"; };
		4B2C83B6265B846B00141932 /* ShareExtension.entitlements */ = {isa = PBXFileReference; lastKnownFileType = text.plist.entitlements; path = ShareExtension.entitlements; sourceTree = "<group>"; };
		4B2C83B7265B87B800141932 /* HW_1_4_Sakhanko.entitlements */ = {isa = PBXFileReference; fileEncoding = 4; lastKnownFileType = text.plist.entitlements; path = HW_1_4_Sakhanko.entitlements; sourceTree = "<group>"; };
		4B2C83B8265BA49C00141932 /* View+hideKeyboard.swift */ = {isa = PBXFileReference; lastKnownFileType = sourcecode.swift; path = "View+hideKeyboard.swift"; sourceTree = "<group>"; };
		4B53B6EE26354EDB00316A78 /* SuffixViewModel.swift */ = {isa = PBXFileReference; lastKnownFileType = sourcecode.swift; path = SuffixViewModel.swift; sourceTree = "<group>"; };
		4B53B6F326354F9A00316A78 /* Suffix.swift */ = {isa = PBXFileReference; lastKnownFileType = sourcecode.swift; path = Suffix.swift; sourceTree = "<group>"; };
		4B53B6FA263550A500316A78 /* StringSequence.swift */ = {isa = PBXFileReference; lastKnownFileType = sourcecode.swift; path = StringSequence.swift; sourceTree = "<group>"; };
		4B53B71526356CF000316A78 /* SuffixListView.swift */ = {isa = PBXFileReference; lastKnownFileType = sourcecode.swift; path = SuffixListView.swift; sourceTree = "<group>"; };
		4B53B71826356D3200316A78 /* CaseIterable+ordinal.swift */ = {isa = PBXFileReference; lastKnownFileType = sourcecode.swift; path = "CaseIterable+ordinal.swift"; sourceTree = "<group>"; };
		4B53B71C26356FB200316A78 /* StringProtocol+split.swift */ = {isa = PBXFileReference; lastKnownFileType = sourcecode.swift; path = "StringProtocol+split.swift"; sourceTree = "<group>"; };
		4B53B72426357EAC00316A78 /* StringIterator.swift */ = {isa = PBXFileReference; lastKnownFileType = sourcecode.swift; path = StringIterator.swift; sourceTree = "<group>"; };
		4BAE7FDD261113BE00F075B5 /* HW_1_4_Sakhanko.app */ = {isa = PBXFileReference; explicitFileType = wrapper.application; includeInIndex = 0; path = HW_1_4_Sakhanko.app; sourceTree = BUILT_PRODUCTS_DIR; };
		4BAE7FE0261113BE00F075B5 /* HW_1_4_SakhankoApp.swift */ = {isa = PBXFileReference; lastKnownFileType = sourcecode.swift; path = HW_1_4_SakhankoApp.swift; sourceTree = "<group>"; };
		4BAE7FE2261113BE00F075B5 /* MainView.swift */ = {isa = PBXFileReference; lastKnownFileType = sourcecode.swift; path = MainView.swift; sourceTree = "<group>"; };
		4BAE7FE4261113C000F075B5 /* Assets.xcassets */ = {isa = PBXFileReference; lastKnownFileType = folder.assetcatalog; path = Assets.xcassets; sourceTree = "<group>"; };
		4BAE7FE7261113C000F075B5 /* Preview Assets.xcassets */ = {isa = PBXFileReference; lastKnownFileType = folder.assetcatalog; path = "Preview Assets.xcassets"; sourceTree = "<group>"; };
		4BAE7FE9261113C000F075B5 /* Info.plist */ = {isa = PBXFileReference; lastKnownFileType = text.plist.xml; path = Info.plist; sourceTree = "<group>"; };
/* End PBXFileReference section */

/* Begin PBXFrameworksBuildPhase section */
		4B2C83A5265B827400141932 /* Frameworks */ = {
			isa = PBXFrameworksBuildPhase;
			buildActionMask = 2147483647;
			files = (
			);
			runOnlyForDeploymentPostprocessing = 0;
		};
		4BAE7FDA261113BE00F075B5 /* Frameworks */ = {
			isa = PBXFrameworksBuildPhase;
			buildActionMask = 2147483647;
			files = (
			);
			runOnlyForDeploymentPostprocessing = 0;
		};
/* End PBXFrameworksBuildPhase section */

/* Begin PBXGroup section */
		4B2C83A3265B6FFA00141932 /* App */ = {
			isa = PBXGroup;
			children = (
				4BAE7FE0261113BE00F075B5 /* HW_1_4_SakhankoApp.swift */,
			);
			path = App;
			sourceTree = "<group>";
		};
		4B2C83A9265B827400141932 /* ShareExtension */ = {
			isa = PBXGroup;
			children = (
				4B2C83B6265B846B00141932 /* ShareExtension.entitlements */,
				4B2C83AA265B827400141932 /* ShareViewController.swift */,
				4B2C83AC265B827400141932 /* MainInterface.storyboard */,
				4B2C83AF265B827400141932 /* Info.plist */,
			);
			path = ShareExtension;
			sourceTree = "<group>";
		};
		4B53B6E526354BEC00316A78 /* View */ = {
			isa = PBXGroup;
			children = (
				4BAE7FE2261113BE00F075B5 /* MainView.swift */,
				4B53B71526356CF000316A78 /* SuffixListView.swift */,
			);
			path = View;
			sourceTree = "<group>";
		};
		4B53B6E626354BF800316A78 /* Model */ = {
			isa = PBXGroup;
			children = (
				4B53B6F326354F9A00316A78 /* Suffix.swift */,
				4B53B6FA263550A500316A78 /* StringSequence.swift */,
				4B53B72426357EAC00316A78 /* StringIterator.swift */,
			);
			path = Model;
			sourceTree = "<group>";
		};
		4B53B6E726354C4F00316A78 /* Support */ = {
			isa = PBXGroup;
			children = (
				4BAE7FE4261113C000F075B5 /* Assets.xcassets */,
			);
			path = Support;
			sourceTree = "<group>";
		};
		4B53B6E826354C7200316A78 /* Utilities */ = {
			isa = PBXGroup;
			children = (
				4BAE7FE9261113C000F075B5 /* Info.plist */,
			);
			path = Utilities;
			sourceTree = "<group>";
		};
		4B53B6EB26354D9600316A78 /* Extensions */ = {
			isa = PBXGroup;
			children = (
				4B53B71826356D3200316A78 /* CaseIterable+ordinal.swift */,
				4B53B71C26356FB200316A78 /* StringProtocol+split.swift */,
				4B2C83B8265BA49C00141932 /* View+hideKeyboard.swift */,
			);
			path = Extensions;
			sourceTree = "<group>";
		};
		4B53B6ED26354E8900316A78 /* ViewModel */ = {
			isa = PBXGroup;
			children = (
				4B53B6EE26354EDB00316A78 /* SuffixViewModel.swift */,
			);
			path = ViewModel;
			sourceTree = "<group>";
		};
		4BAE7FD4261113BE00F075B5 = {
			isa = PBXGroup;
			children = (
				4BAE7FDF261113BE00F075B5 /* HW_1_4_Sakhanko */,
				4B2C83A9265B827400141932 /* ShareExtension */,
				4BAE7FDE261113BE00F075B5 /* Products */,
			);
			sourceTree = "<group>";
		};
		4BAE7FDE261113BE00F075B5 /* Products */ = {
			isa = PBXGroup;
			children = (
				4BAE7FDD261113BE00F075B5 /* HW_1_4_Sakhanko.app */,
				4B2C83A8265B827400141932 /* ShareExtension.appex */,
			);
			name = Products;
			sourceTree = "<group>";
		};
		4BAE7FDF261113BE00F075B5 /* HW_1_4_Sakhanko */ = {
			isa = PBXGroup;
			children = (
				4B2C83B7265B87B800141932 /* HW_1_4_Sakhanko.entitlements */,
				4B2C83A3265B6FFA00141932 /* App */,
				4B53B6E626354BF800316A78 /* Model */,
				4B53B6E526354BEC00316A78 /* View */,
				4B53B6ED26354E8900316A78 /* ViewModel */,
				4B53B6E826354C7200316A78 /* Utilities */,
				4B53B6E726354C4F00316A78 /* Support */,
				4B53B6EB26354D9600316A78 /* Extensions */,
				4BAE7FE6261113C000F075B5 /* Preview Content */,
			);
			path = HW_1_4_Sakhanko;
			sourceTree = "<group>";
		};
		4BAE7FE6261113C000F075B5 /* Preview Content */ = {
			isa = PBXGroup;
			children = (
				4BAE7FE7261113C000F075B5 /* Preview Assets.xcassets */,
			);
			path = "Preview Content";
			sourceTree = "<group>";
		};
/* End PBXGroup section */

/* Begin PBXNativeTarget section */
		4B2C83A7265B827400141932 /* ShareExtension */ = {
			isa = PBXNativeTarget;
			buildConfigurationList = 4B2C83B3265B827500141932 /* Build configuration list for PBXNativeTarget "ShareExtension" */;
			buildPhases = (
				4B2C83A4265B827400141932 /* Sources */,
				4B2C83A5265B827400141932 /* Frameworks */,
				4B2C83A6265B827400141932 /* Resources */,
			);
			buildRules = (
			);
			dependencies = (
			);
			name = ShareExtension;
			productName = ShareExtension;
			productReference = 4B2C83A8265B827400141932 /* ShareExtension.appex */;
			productType = "com.apple.product-type.app-extension";
		};
		4BAE7FDC261113BE00F075B5 /* HW_1_4_Sakhanko */ = {
			isa = PBXNativeTarget;
			buildConfigurationList = 4BAE7FEC261113C000F075B5 /* Build configuration list for PBXNativeTarget "HW_1_4_Sakhanko" */;
			buildPhases = (
				4BAE7FD9261113BE00F075B5 /* Sources */,
				4BAE7FDA261113BE00F075B5 /* Frameworks */,
				4BAE7FDB261113BE00F075B5 /* Resources */,
				4BCE0FC42635AFAE00EDA3E7 /* Embed App Extensions */,
			);
			buildRules = (
			);
			dependencies = (
				4B2C83B1265B827400141932 /* PBXTargetDependency */,
			);
			name = HW_1_4_Sakhanko;
			productName = HW_1_4_Sakhanko;
			productReference = 4BAE7FDD261113BE00F075B5 /* HW_1_4_Sakhanko.app */;
			productType = "com.apple.product-type.application";
		};
/* End PBXNativeTarget section */

/* Begin PBXProject section */
		4BAE7FD5261113BE00F075B5 /* Project object */ = {
			isa = PBXProject;
			attributes = {
				LastSwiftUpdateCheck = 1250;
				LastUpgradeCheck = 1240;
				TargetAttributes = {
					4B2C83A7265B827400141932 = {
						CreatedOnToolsVersion = 12.5;
					};
					4BAE7FDC261113BE00F075B5 = {
						CreatedOnToolsVersion = 12.4;
					};
				};
			};
			buildConfigurationList = 4BAE7FD8261113BE00F075B5 /* Build configuration list for PBXProject "HW_1_4_Sakhanko" */;
			compatibilityVersion = "Xcode 9.3";
			developmentRegion = en;
			hasScannedForEncodings = 0;
			knownRegions = (
				en,
				Base,
			);
			mainGroup = 4BAE7FD4261113BE00F075B5;
			productRefGroup = 4BAE7FDE261113BE00F075B5 /* Products */;
			projectDirPath = "";
			projectRoot = "";
			targets = (
				4BAE7FDC261113BE00F075B5 /* HW_1_4_Sakhanko */,
				4B2C83A7265B827400141932 /* ShareExtension */,
			);
		};
/* End PBXProject section */

/* Begin PBXResourcesBuildPhase section */
		4B2C83A6265B827400141932 /* Resources */ = {
			isa = PBXResourcesBuildPhase;
			buildActionMask = 2147483647;
			files = (
				4B2C83AE265B827400141932 /* MainInterface.storyboard in Resources */,
			);
			runOnlyForDeploymentPostprocessing = 0;
		};
		4BAE7FDB261113BE00F075B5 /* Resources */ = {
			isa = PBXResourcesBuildPhase;
			buildActionMask = 2147483647;
			files = (
				4BAE7FE8261113C000F075B5 /* Preview Assets.xcassets in Resources */,
				4BAE7FE5261113C000F075B5 /* Assets.xcassets in Resources */,
			);
			runOnlyForDeploymentPostprocessing = 0;
		};
/* End PBXResourcesBuildPhase section */

/* Begin PBXSourcesBuildPhase section */
		4B2C83A4265B827400141932 /* Sources */ = {
			isa = PBXSourcesBuildPhase;
			buildActionMask = 2147483647;
			files = (
				4B2C83AB265B827400141932 /* ShareViewController.swift in Sources */,
			);
			runOnlyForDeploymentPostprocessing = 0;
		};
		4BAE7FD9261113BE00F075B5 /* Sources */ = {
			isa = PBXSourcesBuildPhase;
			buildActionMask = 2147483647;
			files = (
				4B53B6F426354F9A00316A78 /* Suffix.swift in Sources */,
				4B53B6FB263550A500316A78 /* StringSequence.swift in Sources */,
				4B53B71D26356FB200316A78 /* StringProtocol+split.swift in Sources */,
				4BAE7FE3261113BE00F075B5 /* MainView.swift in Sources */,
				4B53B72526357EAC00316A78 /* StringIterator.swift in Sources */,
				4B2C83B9265BA49D00141932 /* View+hideKeyboard.swift in Sources */,
				4B53B71626356CF000316A78 /* SuffixListView.swift in Sources */,
				4B53B71926356D3200316A78 /* CaseIterable+ordinal.swift in Sources */,
				4B53B6EF26354EDB00316A78 /* SuffixViewModel.swift in Sources */,
				4BAE7FE1261113BE00F075B5 /* HW_1_4_SakhankoApp.swift in Sources */,
			);
			runOnlyForDeploymentPostprocessing = 0;
		};
/* End PBXSourcesBuildPhase section */

/* Begin PBXTargetDependency section */
		4B2C83B1265B827400141932 /* PBXTargetDependency */ = {
			isa = PBXTargetDependency;
			target = 4B2C83A7265B827400141932 /* ShareExtension */;
			targetProxy = 4B2C83B0265B827400141932 /* PBXContainerItemProxy */;
		};
/* End PBXTargetDependency section */

/* Begin PBXVariantGroup section */
		4B2C83AC265B827400141932 /* MainInterface.storyboard */ = {
			isa = PBXVariantGroup;
			children = (
				4B2C83AD265B827400141932 /* Base */,
			);
			name = MainInterface.storyboard;
			sourceTree = "<group>";
		};
/* End PBXVariantGroup section */

/* Begin XCBuildConfiguration section */
		4B2C83B4265B827500141932 /* Debug */ = {
			isa = XCBuildConfiguration;
			buildSettings = {
				CODE_SIGN_ENTITLEMENTS = ShareExtension/ShareExtension.entitlements;
				CODE_SIGN_STYLE = Automatic;
				DEVELOPMENT_TEAM = 5NGK57BNWL;
				INFOPLIST_FILE = ShareExtension/Info.plist;
				IPHONEOS_DEPLOYMENT_TARGET = 14.5;
				LD_RUNPATH_SEARCH_PATHS = (
					"$(inherited)",
					"@executable_path/Frameworks",
					"@executable_path/../../Frameworks",
				);
				PRODUCT_BUNDLE_IDENTIFIER = "SakhankoApps.HW-1-4-Sakhanko.ShareExtension";
				PRODUCT_NAME = "$(TARGET_NAME)";
				SKIP_INSTALL = YES;
				SWIFT_VERSION = 5.0;
				TARGETED_DEVICE_FAMILY = "1,2";
			};
			name = Debug;
		};
		4B2C83B5265B827500141932 /* Release */ = {
			isa = XCBuildConfiguration;
			buildSettings = {
				CODE_SIGN_ENTITLEMENTS = ShareExtension/ShareExtension.entitlements;
				CODE_SIGN_STYLE = Automatic;
				DEVELOPMENT_TEAM = 5NGK57BNWL;
				INFOPLIST_FILE = ShareExtension/Info.plist;
				IPHONEOS_DEPLOYMENT_TARGET = 14.5;
				LD_RUNPATH_SEARCH_PATHS = (
					"$(inherited)",
					"@executable_path/Frameworks",
					"@executable_path/../../Frameworks",
				);
				PRODUCT_BUNDLE_IDENTIFIER = "SakhankoApps.HW-1-4-Sakhanko.ShareExtension";
				PRODUCT_NAME = "$(TARGET_NAME)";
				SKIP_INSTALL = YES;
				SWIFT_VERSION = 5.0;
				TARGETED_DEVICE_FAMILY = "1,2";
			};
			name = Release;
		};
		4BAE7FEA261113C000F075B5 /* Debug */ = {
			isa = XCBuildConfiguration;
			buildSettings = {
				ALWAYS_SEARCH_USER_PATHS = NO;
				CLANG_ANALYZER_NONNULL = YES;
				CLANG_ANALYZER_NUMBER_OBJECT_CONVERSION = YES_AGGRESSIVE;
				CLANG_CXX_LANGUAGE_STANDARD = "gnu++14";
				CLANG_CXX_LIBRARY = "libc++";
				CLANG_ENABLE_MODULES = YES;
				CLANG_ENABLE_OBJC_ARC = YES;
				CLANG_ENABLE_OBJC_WEAK = YES;
				CLANG_WARN_BLOCK_CAPTURE_AUTORELEASING = YES;
				CLANG_WARN_BOOL_CONVERSION = YES;
				CLANG_WARN_COMMA = YES;
				CLANG_WARN_CONSTANT_CONVERSION = YES;
				CLANG_WARN_DEPRECATED_OBJC_IMPLEMENTATIONS = YES;
				CLANG_WARN_DIRECT_OBJC_ISA_USAGE = YES_ERROR;
				CLANG_WARN_DOCUMENTATION_COMMENTS = YES;
				CLANG_WARN_EMPTY_BODY = YES;
				CLANG_WARN_ENUM_CONVERSION = YES;
				CLANG_WARN_INFINITE_RECURSION = YES;
				CLANG_WARN_INT_CONVERSION = YES;
				CLANG_WARN_NON_LITERAL_NULL_CONVERSION = YES;
				CLANG_WARN_OBJC_IMPLICIT_RETAIN_SELF = YES;
				CLANG_WARN_OBJC_LITERAL_CONVERSION = YES;
				CLANG_WARN_OBJC_ROOT_CLASS = YES_ERROR;
				CLANG_WARN_QUOTED_INCLUDE_IN_FRAMEWORK_HEADER = YES;
				CLANG_WARN_RANGE_LOOP_ANALYSIS = YES;
				CLANG_WARN_STRICT_PROTOTYPES = YES;
				CLANG_WARN_SUSPICIOUS_MOVE = YES;
				CLANG_WARN_UNGUARDED_AVAILABILITY = YES_AGGRESSIVE;
				CLANG_WARN_UNREACHABLE_CODE = YES;
				CLANG_WARN__DUPLICATE_METHOD_MATCH = YES;
				COPY_PHASE_STRIP = NO;
				DEBUG_INFORMATION_FORMAT = dwarf;
				ENABLE_STRICT_OBJC_MSGSEND = YES;
				ENABLE_TESTABILITY = YES;
				GCC_C_LANGUAGE_STANDARD = gnu11;
				GCC_DYNAMIC_NO_PIC = NO;
				GCC_NO_COMMON_BLOCKS = YES;
				GCC_OPTIMIZATION_LEVEL = 0;
				GCC_PREPROCESSOR_DEFINITIONS = (
					"DEBUG=1",
					"$(inherited)",
				);
				GCC_WARN_64_TO_32_BIT_CONVERSION = YES;
				GCC_WARN_ABOUT_RETURN_TYPE = YES_ERROR;
				GCC_WARN_UNDECLARED_SELECTOR = YES;
				GCC_WARN_UNINITIALIZED_AUTOS = YES_AGGRESSIVE;
				GCC_WARN_UNUSED_FUNCTION = YES;
				GCC_WARN_UNUSED_VARIABLE = YES;
				IPHONEOS_DEPLOYMENT_TARGET = 14.4;
				MTL_ENABLE_DEBUG_INFO = INCLUDE_SOURCE;
				MTL_FAST_MATH = YES;
				ONLY_ACTIVE_ARCH = YES;
				SDKROOT = iphoneos;
				SWIFT_ACTIVE_COMPILATION_CONDITIONS = DEBUG;
				SWIFT_OPTIMIZATION_LEVEL = "-Onone";
			};
			name = Debug;
		};
		4BAE7FEB261113C000F075B5 /* Release */ = {
			isa = XCBuildConfiguration;
			buildSettings = {
				ALWAYS_SEARCH_USER_PATHS = NO;
				CLANG_ANALYZER_NONNULL = YES;
				CLANG_ANALYZER_NUMBER_OBJECT_CONVERSION = YES_AGGRESSIVE;
				CLANG_CXX_LANGUAGE_STANDARD = "gnu++14";
				CLANG_CXX_LIBRARY = "libc++";
				CLANG_ENABLE_MODULES = YES;
				CLANG_ENABLE_OBJC_ARC = YES;
				CLANG_ENABLE_OBJC_WEAK = YES;
				CLANG_WARN_BLOCK_CAPTURE_AUTORELEASING = YES;
				CLANG_WARN_BOOL_CONVERSION = YES;
				CLANG_WARN_COMMA = YES;
				CLANG_WARN_CONSTANT_CONVERSION = YES;
				CLANG_WARN_DEPRECATED_OBJC_IMPLEMENTATIONS = YES;
				CLANG_WARN_DIRECT_OBJC_ISA_USAGE = YES_ERROR;
				CLANG_WARN_DOCUMENTATION_COMMENTS = YES;
				CLANG_WARN_EMPTY_BODY = YES;
				CLANG_WARN_ENUM_CONVERSION = YES;
				CLANG_WARN_INFINITE_RECURSION = YES;
				CLANG_WARN_INT_CONVERSION = YES;
				CLANG_WARN_NON_LITERAL_NULL_CONVERSION = YES;
				CLANG_WARN_OBJC_IMPLICIT_RETAIN_SELF = YES;
				CLANG_WARN_OBJC_LITERAL_CONVERSION = YES;
				CLANG_WARN_OBJC_ROOT_CLASS = YES_ERROR;
				CLANG_WARN_QUOTED_INCLUDE_IN_FRAMEWORK_HEADER = YES;
				CLANG_WARN_RANGE_LOOP_ANALYSIS = YES;
				CLANG_WARN_STRICT_PROTOTYPES = YES;
				CLANG_WARN_SUSPICIOUS_MOVE = YES;
				CLANG_WARN_UNGUARDED_AVAILABILITY = YES_AGGRESSIVE;
				CLANG_WARN_UNREACHABLE_CODE = YES;
				CLANG_WARN__DUPLICATE_METHOD_MATCH = YES;
				COPY_PHASE_STRIP = NO;
				DEBUG_INFORMATION_FORMAT = "dwarf-with-dsym";
				ENABLE_NS_ASSERTIONS = NO;
				ENABLE_STRICT_OBJC_MSGSEND = YES;
				GCC_C_LANGUAGE_STANDARD = gnu11;
				GCC_NO_COMMON_BLOCKS = YES;
				GCC_WARN_64_TO_32_BIT_CONVERSION = YES;
				GCC_WARN_ABOUT_RETURN_TYPE = YES_ERROR;
				GCC_WARN_UNDECLARED_SELECTOR = YES;
				GCC_WARN_UNINITIALIZED_AUTOS = YES_AGGRESSIVE;
				GCC_WARN_UNUSED_FUNCTION = YES;
				GCC_WARN_UNUSED_VARIABLE = YES;
				IPHONEOS_DEPLOYMENT_TARGET = 14.4;
				MTL_ENABLE_DEBUG_INFO = NO;
				MTL_FAST_MATH = YES;
				SDKROOT = iphoneos;
				SWIFT_COMPILATION_MODE = wholemodule;
				SWIFT_OPTIMIZATION_LEVEL = "-O";
				VALIDATE_PRODUCT = YES;
			};
			name = Release;
		};
		4BAE7FED261113C000F075B5 /* Debug */ = {
			isa = XCBuildConfiguration;
			buildSettings = {
				ALWAYS_EMBED_SWIFT_STANDARD_LIBRARIES = YES;
				ASSETCATALOG_COMPILER_APPICON_NAME = AppIcon;
				ASSETCATALOG_COMPILER_GLOBAL_ACCENT_COLOR_NAME = AccentColor;
				CODE_SIGN_ENTITLEMENTS = HW_1_4_Sakhanko/HW_1_4_Sakhanko.entitlements;
				CODE_SIGN_STYLE = Automatic;
				DEVELOPMENT_ASSET_PATHS = "\"HW_1_4_Sakhanko/Preview Content\"";
				DEVELOPMENT_TEAM = 5NGK57BNWL;
				ENABLE_PREVIEWS = YES;
				INFOPLIST_FILE = "$(SRCROOT)/HW_1_4_Sakhanko/Utilities/Info.plist";
				IPHONEOS_DEPLOYMENT_TARGET = 14.0;
				LD_RUNPATH_SEARCH_PATHS = (
					"$(inherited)",
					"@executable_path/Frameworks",
				);
				PRODUCT_BUNDLE_IDENTIFIER = "SakhankoApps.HW-1-4-Sakhanko";
				PRODUCT_NAME = "$(TARGET_NAME)";
				SWIFT_VERSION = 5.0;
				TARGETED_DEVICE_FAMILY = "1,2";
			};
			name = Debug;
		};
		4BAE7FEE261113C000F075B5 /* Release */ = {
			isa = XCBuildConfiguration;
			buildSettings = {
				ALWAYS_EMBED_SWIFT_STANDARD_LIBRARIES = YES;
				ASSETCATALOG_COMPILER_APPICON_NAME = AppIcon;
				ASSETCATALOG_COMPILER_GLOBAL_ACCENT_COLOR_NAME = AccentColor;
				CODE_SIGN_ENTITLEMENTS = HW_1_4_Sakhanko/HW_1_4_Sakhanko.entitlements;
				CODE_SIGN_STYLE = Automatic;
				DEVELOPMENT_ASSET_PATHS = "\"HW_1_4_Sakhanko/Preview Content\"";
				DEVELOPMENT_TEAM = 5NGK57BNWL;
				ENABLE_PREVIEWS = YES;
				INFOPLIST_FILE = "$(SRCROOT)/HW_1_4_Sakhanko/Utilities/Info.plist";
				IPHONEOS_DEPLOYMENT_TARGET = 14.0;
				LD_RUNPATH_SEARCH_PATHS = (
					"$(inherited)",
					"@executable_path/Frameworks",
				);
				PRODUCT_BUNDLE_IDENTIFIER = "SakhankoApps.HW-1-4-Sakhanko";
				PRODUCT_NAME = "$(TARGET_NAME)";
				SWIFT_VERSION = 5.0;
				TARGETED_DEVICE_FAMILY = "1,2";
			};
			name = Release;
		};
/* End XCBuildConfiguration section */

/* Begin XCConfigurationList section */
		4B2C83B3265B827500141932 /* Build configuration list for PBXNativeTarget "ShareExtension" */ = {
			isa = XCConfigurationList;
			buildConfigurations = (
				4B2C83B4265B827500141932 /* Debug */,
				4B2C83B5265B827500141932 /* Release */,
			);
			defaultConfigurationIsVisible = 0;
			defaultConfigurationName = Release;
		};
		4BAE7FD8261113BE00F075B5 /* Build configuration list for PBXProject "HW_1_4_Sakhanko" */ = {
			isa = XCConfigurationList;
			buildConfigurations = (
				4BAE7FEA261113C000F075B5 /* Debug */,
				4BAE7FEB261113C000F075B5 /* Release */,
			);
			defaultConfigurationIsVisible = 0;
			defaultConfigurationName = Release;
		};
		4BAE7FEC261113C000F075B5 /* Build configuration list for PBXNativeTarget "HW_1_4_Sakhanko" */ = {
			isa = XCConfigurationList;
			buildConfigurations = (
				4BAE7FED261113C000F075B5 /* Debug */,
				4BAE7FEE261113C000F075B5 /* Release */,
			);
			defaultConfigurationIsVisible = 0;
			defaultConfigurationName = Release;
		};
/* End XCConfigurationList section */
	};
	rootObject = 4BAE7FD5261113BE00F075B5 /* Project object */;
}
